
Microsoft Visual Studio Solution File, Format Version 12.00
# Visual Studio Version 16
VisualStudioVersion = 16.0.31515.178
MinimumVisualStudioVersion = 10.0.40219.1
Project("{FAE04EC0-301F-11D3-BF4B-00C04F79EFBC}") = "2119110208_PhanChinh_2", "2119110208_PhanChinh_2\2119110208_PhanChinh_2.csproj", "{AC13571B-5FE2-4BF7-9DFA-12C0685328BE}"
EndProject
Global
	GlobalSection(SolutionConfigurationPlatforms) = preSolution
		Debug|Any CPU = Debug|Any CPU
		Release|Any CPU = Release|Any CPU
	EndGlobalSection
	GlobalSection(ProjectConfigurationPlatforms) = postSolution
		{AC13571B-5FE2-4BF7-9DFA-12C0685328BE}.Debug|Any CPU.ActiveCfg = Debug|Any CPU
		{AC13571B-5FE2-4BF7-9DFA-12C0685328BE}.Debug|Any CPU.Build.0 = Debug|Any CPU
		{AC13571B-5FE2-4BF7-9DFA-12C0685328BE}.Release|Any CPU.ActiveCfg = Release|Any CPU
		{AC13571B-5FE2-4BF7-9DFA-12C0685328BE}.Release|Any CPU.Build.0 = Release|Any CPU
	EndGlobalSection
	GlobalSection(SolutionProperties) = preSolution
		HideSolutionNode = FALSE
	EndGlobalSection
	GlobalSection(ExtensibilityGlobals) = postSolution
		SolutionGuid = {EA3F6F6B-CDEC-41B0-9CFF-6457890C2301}
	EndGlobalSection
EndGlobal
